
Microsoft Visual Studio Solution File, Format Version 12.00
# Visual Studio 2013
VisualStudioVersion = 12.0.30723.0
MinimumVisualStudioVersion = 10.0.40219.1
Project("{8BC9CEB8-8B4A-11D0-8D11-00A0C91BC942}") = "CheckResult", "CheckResult\CheckResult.vcxproj", "{966C7ED5-8E3A-482B-9777-E78A70BFB32F}"
EndProject
Project("{8BC9CEB8-8B4A-11D0-8D11-00A0C91BC942}") = "MapMatchingUsingGISCUPChampion", "MapMatchingUsingGISCUPChampion\MapMatchingUsingGISCUPChampion.vcxproj", "{81DD195F-9709-4339-BB2B-67C8A910F4A2}"
EndProject
Project("{8BC9CEB8-8B4A-11D0-8D11-00A0C91BC942}") = "MapMatchingUsingHMM", "MapMatchingUsingHMM\MapMatchingUsingHMM.vcxproj", "{60E1AE7D-FEB6-4FE3-BDE4-B2F87591C470}"
EndProject
Project("{8BC9CEB8-8B4A-11D0-8D11-00A0C91BC942}") = "MapMatchingUsingViterbiAlgorithm", "MapMatchingUsingViterbiAlgorithm\MapMatchingUsingViterbiAlgorithm.vcxproj", "{BEC8F3A1-7F44-4351-B924-1ABA0389D064}"
EndProject
Project("{8BC9CEB8-8B4A-11D0-8D11-00A0C91BC942}") = "RawTrajAnalysis", "RawTrajAnalysis\RawTrajAnalysis.vcxproj", "{E5D3EE37-CF03-4035-BBDB-6C85921F7FD0}"
EndProject
Project("{8BC9CEB8-8B4A-11D0-8D11-00A0C91BC942}") = "ResultAnalysis", "ResultAnalysis\ResultAnalysis.vcxproj", "{E5847EBD-18D6-4739-A9FF-3676397F26E8}"
EndProject
Project("{8BC9CEB8-8B4A-11D0-8D11-00A0C91BC942}") = "RouteNetworkToJson", "RouteNetworkToJson\RouteNetworkToJson.vcxproj", "{0E07A15C-CAAE-4AF7-96F5-304D044E2336}"
EndProject
Project("{8BC9CEB8-8B4A-11D0-8D11-00A0C91BC942}") = "MapMatchingForLowSamplingRate", "MapMatchingForLowSamplingRate\MapMatchingForLowSamplingRate.vcxproj", "{F58A9E7C-DE2C-4A55-96EC-6BEDE574A769}"
EndProject
Project("{8BC9CEB8-8B4A-11D0-8D11-00A0C91BC942}") = "MapMatchingBiasStatistic", "MapMatchingBiasStatistic\MapMatchingBiasStatistic.vcxproj", "{B2B9FEB0-7688-4201-BA02-262117F486DD}"
EndProject
Project("{8BC9CEB8-8B4A-11D0-8D11-00A0C91BC942}") = "TrajectoryDataConverter", "TrajectoryDataConverter\TrajectoryDataConverter.vcxproj", "{CCED5E09-7509-457D-AEA7-F30D68AB2BF4}"
EndProject
Project("{FAE04EC0-301F-11D3-BF4B-00C04F79EFBC}") = "CSVToTXT", "CSVToTXT\CSVToTXT.csproj", "{A127D1DC-408E-45EE-934B-BDFAAC47D66B}"
EndProject
Global
	GlobalSection(SolutionConfigurationPlatforms) = preSolution
		Debug|Any CPU = Debug|Any CPU
		Debug|Mixed Platforms = Debug|Mixed Platforms
		Debug|Win32 = Debug|Win32
		Debug|x64 = Debug|x64
		Debug|x86 = Debug|x86
		Release|Any CPU = Release|Any CPU
		Release|Mixed Platforms = Release|Mixed Platforms
		Release|Win32 = Release|Win32
		Release|x64 = Release|x64
		Release|x86 = Release|x86
	EndGlobalSection
	GlobalSection(ProjectConfigurationPlatforms) = postSolution
		{966C7ED5-8E3A-482B-9777-E78A70BFB32F}.Debug|Any CPU.ActiveCfg = Debug|Win32
		{966C7ED5-8E3A-482B-9777-E78A70BFB32F}.Debug|Mixed Platforms.ActiveCfg = Debug|Win32
		{966C7ED5-8E3A-482B-9777-E78A70BFB32F}.Debug|Mixed Platforms.Build.0 = Debug|Win32
		{966C7ED5-8E3A-482B-9777-E78A70BFB32F}.Debug|Win32.ActiveCfg = Debug|Win32
		{966C7ED5-8E3A-482B-9777-E78A70BFB32F}.Debug|Win32.Build.0 = Debug|Win32
		{966C7ED5-8E3A-482B-9777-E78A70BFB32F}.Debug|x64.ActiveCfg = Debug|Win32
		{966C7ED5-8E3A-482B-9777-E78A70BFB32F}.Debug|x86.ActiveCfg = Debug|Win32
		{966C7ED5-8E3A-482B-9777-E78A70BFB32F}.Debug|x86.Build.0 = Debug|Win32
		{966C7ED5-8E3A-482B-9777-E78A70BFB32F}.Release|Any CPU.ActiveCfg = Release|Win32
		{966C7ED5-8E3A-482B-9777-E78A70BFB32F}.Release|Mixed Platforms.ActiveCfg = Release|Win32
		{966C7ED5-8E3A-482B-9777-E78A70BFB32F}.Release|Mixed Platforms.Build.0 = Release|Win32
		{966C7ED5-8E3A-482B-9777-E78A70BFB32F}.Release|Mixed Platforms.Deploy.0 = Release|Win32
		{966C7ED5-8E3A-482B-9777-E78A70BFB32F}.Release|Win32.ActiveCfg = Release|Win32
		{966C7ED5-8E3A-482B-9777-E78A70BFB32F}.Release|Win32.Build.0 = Release|Win32
		{966C7ED5-8E3A-482B-9777-E78A70BFB32F}.Release|Win32.Deploy.0 = Release|Win32
		{966C7ED5-8E3A-482B-9777-E78A70BFB32F}.Release|x64.ActiveCfg = Release|x64
		{966C7ED5-8E3A-482B-9777-E78A70BFB32F}.Release|x64.Build.0 = Release|x64
		{966C7ED5-8E3A-482B-9777-E78A70BFB32F}.Release|x64.Deploy.0 = Release|x64
		{966C7ED5-8E3A-482B-9777-E78A70BFB32F}.Release|x86.ActiveCfg = Release|Win32
		{966C7ED5-8E3A-482B-9777-E78A70BFB32F}.Release|x86.Build.0 = Release|Win32
		{966C7ED5-8E3A-482B-9777-E78A70BFB32F}.Release|x86.Deploy.0 = Release|Win32
		{81DD195F-9709-4339-BB2B-67C8A910F4A2}.Debug|Any CPU.ActiveCfg = Debug|Win32
		{81DD195F-9709-4339-BB2B-67C8A910F4A2}.Debug|Mixed Platforms.ActiveCfg = Debug|Win32
		{81DD195F-9709-4339-BB2B-67C8A910F4A2}.Debug|Win32.ActiveCfg = Debug|Win32
		{81DD195F-9709-4339-BB2B-67C8A910F4A2}.Debug|Win32.Build.0 = Debug|Win32
		{81DD195F-9709-4339-BB2B-67C8A910F4A2}.Debug|x64.ActiveCfg = Debug|Win32
		{81DD195F-9709-4339-BB2B-67C8A910F4A2}.Debug|x86.ActiveCfg = Debug|Win32
		{81DD195F-9709-4339-BB2B-67C8A910F4A2}.Release|Any CPU.ActiveCfg = Release|Win32
		{81DD195F-9709-4339-BB2B-67C8A910F4A2}.Release|Mixed Platforms.ActiveCfg = Release|Win32
		{81DD195F-9709-4339-BB2B-67C8A910F4A2}.Release|Win32.ActiveCfg = Release|Win32
		{81DD195F-9709-4339-BB2B-67C8A910F4A2}.Release|Win32.Build.0 = Release|Win32
		{81DD195F-9709-4339-BB2B-67C8A910F4A2}.Release|x64.ActiveCfg = Release|Win32
		{81DD195F-9709-4339-BB2B-67C8A910F4A2}.Release|x86.ActiveCfg = Release|Win32
		{60E1AE7D-FEB6-4FE3-BDE4-B2F87591C470}.Debug|Any CPU.ActiveCfg = Debug|Win32
		{60E1AE7D-FEB6-4FE3-BDE4-B2F87591C470}.Debug|Mixed Platforms.ActiveCfg = Debug|Win32
		{60E1AE7D-FEB6-4FE3-BDE4-B2F87591C470}.Debug|Win32.ActiveCfg = Debug|Win32
		{60E1AE7D-FEB6-4FE3-BDE4-B2F87591C470}.Debug|Win32.Build.0 = Debug|Win32
		{60E1AE7D-FEB6-4FE3-BDE4-B2F87591C470}.Debug|x64.ActiveCfg = Debug|Win32
		{60E1AE7D-FEB6-4FE3-BDE4-B2F87591C470}.Debug|x86.ActiveCfg = Debug|Win32
		{60E1AE7D-FEB6-4FE3-BDE4-B2F87591C470}.Debug|x86.Build.0 = Debug|Win32
		{60E1AE7D-FEB6-4FE3-BDE4-B2F87591C470}.Release|Any CPU.ActiveCfg = Release|Win32
		{60E1AE7D-FEB6-4FE3-BDE4-B2F87591C470}.Release|Mixed Platforms.ActiveCfg = Release|Win32
		{60E1AE7D-FEB6-4FE3-BDE4-B2F87591C470}.Release|Win32.ActiveCfg = Release|Win32
		{60E1AE7D-FEB6-4FE3-BDE4-B2F87591C470}.Release|Win32.Build.0 = Release|Win32
		{60E1AE7D-FEB6-4FE3-BDE4-B2F87591C470}.Release|Win32.Deploy.0 = Release|Win32
		{60E1AE7D-FEB6-4FE3-BDE4-B2F87591C470}.Release|x64.ActiveCfg = Release|x64
		{60E1AE7D-FEB6-4FE3-BDE4-B2F87591C470}.Release|x64.Build.0 = Release|x64
		{60E1AE7D-FEB6-4FE3-BDE4-B2F87591C470}.Release|x64.Deploy.0 = Release|x64
		{60E1AE7D-FEB6-4FE3-BDE4-B2F87591C470}.Release|x86.ActiveCfg = Release|Win32
		{60E1AE7D-FEB6-4FE3-BDE4-B2F87591C470}.Release|x86.Build.0 = Release|Win32
		{60E1AE7D-FEB6-4FE3-BDE4-B2F87591C470}.Release|x86.Deploy.0 = Release|Win32
		{BEC8F3A1-7F44-4351-B924-1ABA0389D064}.Debug|Any CPU.ActiveCfg = Debug|Win32
		{BEC8F3A1-7F44-4351-B924-1ABA0389D064}.Debug|Mixed Platforms.ActiveCfg = Debug|Win32
		{BEC8F3A1-7F44-4351-B924-1ABA0389D064}.Debug|Win32.ActiveCfg = Debug|Win32
		{BEC8F3A1-7F44-4351-B924-1ABA0389D064}.Debug|Win32.Build.0 = Debug|Win32
		{BEC8F3A1-7F44-4351-B924-1ABA0389D064}.Debug|x64.ActiveCfg = Debug|Win32
		{BEC8F3A1-7F44-4351-B924-1ABA0389D064}.Debug|x86.ActiveCfg = Debug|Win32
		{BEC8F3A1-7F44-4351-B924-1ABA0389D064}.Release|Any CPU.ActiveCfg = Release|Win32
		{BEC8F3A1-7F44-4351-B924-1ABA0389D064}.Release|Mixed Platforms.ActiveCfg = Release|Win32
		{BEC8F3A1-7F44-4351-B924-1ABA0389D064}.Release|Win32.ActiveCfg = Release|Win32
		{BEC8F3A1-7F44-4351-B924-1ABA0389D064}.Release|Win32.Build.0 = Release|Win32
		{BEC8F3A1-7F44-4351-B924-1ABA0389D064}.Release|x64.ActiveCfg = Release|Win32
		{BEC8F3A1-7F44-4351-B924-1ABA0389D064}.Release|x86.ActiveCfg = Release|Win32
		{E5D3EE37-CF03-4035-BBDB-6C85921F7FD0}.Debug|Any CPU.ActiveCfg = Debug|Win32
		{E5D3EE37-CF03-4035-BBDB-6C85921F7FD0}.Debug|Mixed Platforms.ActiveCfg = Debug|Win32
		{E5D3EE37-CF03-4035-BBDB-6C85921F7FD0}.Debug|Mixed Platforms.Build.0 = Debug|Win32
		{E5D3EE37-CF03-4035-BBDB-6C85921F7FD0}.Debug|Win32.ActiveCfg = Debug|Win32
		{E5D3EE37-CF03-4035-BBDB-6C85921F7FD0}.Debug|Win32.Build.0 = Debug|Win32
		{E5D3EE37-CF03-4035-BBDB-6C85921F7FD0}.Debug|x64.ActiveCfg = Debug|x64
		{E5D3EE37-CF03-4035-BBDB-6C85921F7FD0}.Debug|x64.Build.0 = Debug|x64
		{E5D3EE37-CF03-4035-BBDB-6C85921F7FD0}.Debug|x64.Deploy.0 = Debug|x64
		{E5D3EE37-CF03-4035-BBDB-6C85921F7FD0}.Debug|x86.ActiveCfg = Debug|Win32
		{E5D3EE37-CF03-4035-BBDB-6C85921F7FD0}.Debug|x86.Build.0 = Debug|Win32
		{E5D3EE37-CF03-4035-BBDB-6C85921F7FD0}.Release|Any CPU.ActiveCfg = Release|Win32
		{E5D3EE37-CF03-4035-BBDB-6C85921F7FD0}.Release|Mixed Platforms.ActiveCfg = Release|Win32
		{E5D3EE37-CF03-4035-BBDB-6C85921F7FD0}.Release|Mixed Platforms.Build.0 = Release|Win32
		{E5D3EE37-CF03-4035-BBDB-6C85921F7FD0}.Release|Win32.ActiveCfg = Release|Win32
		{E5D3EE37-CF03-4035-BBDB-6C85921F7FD0}.Release|Win32.Build.0 = Release|Win32
		{E5D3EE37-CF03-4035-BBDB-6C85921F7FD0}.Release|x64.ActiveCfg = Release|x64
		{E5D3EE37-CF03-4035-BBDB-6C85921F7FD0}.Release|x64.Build.0 = Release|x64
		{E5D3EE37-CF03-4035-BBDB-6C85921F7FD0}.Release|x64.Deploy.0 = Release|x64
		{E5D3EE37-CF03-4035-BBDB-6C85921F7FD0}.Release|x86.ActiveCfg = Release|Win32
		{E5D3EE37-CF03-4035-BBDB-6C85921F7FD0}.Release|x86.Build.0 = Release|Win32
		{E5847EBD-18D6-4739-A9FF-3676397F26E8}.Debug|Any CPU.ActiveCfg = Debug|Win32
		{E5847EBD-18D6-4739-A9FF-3676397F26E8}.Debug|Mixed Platforms.ActiveCfg = Debug|Win32
		{E5847EBD-18D6-4739-A9FF-3676397F26E8}.Debug|Win32.ActiveCfg = Debug|Win32
		{E5847EBD-18D6-4739-A9FF-3676397F26E8}.Debug|Win32.Build.0 = Debug|Win32
		{E5847EBD-18D6-4739-A9FF-3676397F26E8}.Debug|x64.ActiveCfg = Debug|Win32
		{E5847EBD-18D6-4739-A9FF-3676397F26E8}.Debug|x86.ActiveCfg = Debug|Win32
		{E5847EBD-18D6-4739-A9FF-3676397F26E8}.Release|Any CPU.ActiveCfg = Release|Win32
		{E5847EBD-18D6-4739-A9FF-3676397F26E8}.Release|Mixed Platforms.ActiveCfg = Release|Win32
		{E5847EBD-18D6-4739-A9FF-3676397F26E8}.Release|Win32.ActiveCfg = Release|Win32
		{E5847EBD-18D6-4739-A9FF-3676397F26E8}.Release|Win32.Build.0 = Release|Win32
		{E5847EBD-18D6-4739-A9FF-3676397F26E8}.Release|x64.ActiveCfg = Release|Win32
		{E5847EBD-18D6-4739-A9FF-3676397F26E8}.Release|x86.ActiveCfg = Release|Win32
		{0E07A15C-CAAE-4AF7-96F5-304D044E2336}.Debug|Any CPU.ActiveCfg = Debug|Win32
		{0E07A15C-CAAE-4AF7-96F5-304D044E2336}.Debug|Mixed Platforms.ActiveCfg = Debug|Win32
		{0E07A15C-CAAE-4AF7-96F5-304D044E2336}.Debug|Win32.ActiveCfg = Debug|Win32
		{0E07A15C-CAAE-4AF7-96F5-304D044E2336}.Debug|Win32.Build.0 = Debug|Win32
		{0E07A15C-CAAE-4AF7-96F5-304D044E2336}.Debug|x64.ActiveCfg = Debug|Win32
		{0E07A15C-CAAE-4AF7-96F5-304D044E2336}.Debug|x86.ActiveCfg = Debug|Win32
		{0E07A15C-CAAE-4AF7-96F5-304D044E2336}.Release|Any CPU.ActiveCfg = Release|Win32
		{0E07A15C-CAAE-4AF7-96F5-304D044E2336}.Release|Mixed Platforms.ActiveCfg = Release|Win32
		{0E07A15C-CAAE-4AF7-96F5-304D044E2336}.Release|Win32.ActiveCfg = Release|Win32
		{0E07A15C-CAAE-4AF7-96F5-304D044E2336}.Release|Win32.Build.0 = Release|Win32
		{0E07A15C-CAAE-4AF7-96F5-304D044E2336}.Release|x64.ActiveCfg = Release|Win32
		{0E07A15C-CAAE-4AF7-96F5-304D044E2336}.Release|x86.ActiveCfg = Release|Win32
		{F58A9E7C-DE2C-4A55-96EC-6BEDE574A769}.Debug|Any CPU.ActiveCfg = Debug|Win32
		{F58A9E7C-DE2C-4A55-96EC-6BEDE574A769}.Debug|Mixed Platforms.ActiveCfg = Debug|Win32
		{F58A9E7C-DE2C-4A55-96EC-6BEDE574A769}.Debug|Win32.ActiveCfg = Debug|Win32
		{F58A9E7C-DE2C-4A55-96EC-6BEDE574A769}.Debug|Win32.Build.0 = Debug|Win32
		{F58A9E7C-DE2C-4A55-96EC-6BEDE574A769}.Debug|Win32.Deploy.0 = Debug|Win32
		{F58A9E7C-DE2C-4A55-96EC-6BEDE574A769}.Debug|x64.ActiveCfg = Debug|Win32
		{F58A9E7C-DE2C-4A55-96EC-6BEDE574A769}.Debug|x86.ActiveCfg = Debug|Win32
		{F58A9E7C-DE2C-4A55-96EC-6BEDE574A769}.Release|Any CPU.ActiveCfg = Release|Win32
		{F58A9E7C-DE2C-4A55-96EC-6BEDE574A769}.Release|Mixed Platforms.ActiveCfg = Release|Win32
		{F58A9E7C-DE2C-4A55-96EC-6BEDE574A769}.Release|Win32.ActiveCfg = Release|Win32
		{F58A9E7C-DE2C-4A55-96EC-6BEDE574A769}.Release|Win32.Build.0 = Release|Win32
		{F58A9E7C-DE2C-4A55-96EC-6BEDE574A769}.Release|Win32.Deploy.0 = Release|Win32
		{F58A9E7C-DE2C-4A55-96EC-6BEDE574A769}.Release|x64.ActiveCfg = Release|Win32
		{F58A9E7C-DE2C-4A55-96EC-6BEDE574A769}.Release|x86.ActiveCfg = Release|Win32
		{B2B9FEB0-7688-4201-BA02-262117F486DD}.Debug|Any CPU.ActiveCfg = Debug|Win32
		{B2B9FEB0-7688-4201-BA02-262117F486DD}.Debug|Mixed Platforms.ActiveCfg = Debug|Win32
		{B2B9FEB0-7688-4201-BA02-262117F486DD}.Debug|Mixed Platforms.Build.0 = Debug|Win32
		{B2B9FEB0-7688-4201-BA02-262117F486DD}.Debug|Win32.ActiveCfg = Debug|x64
		{B2B9FEB0-7688-4201-BA02-262117F486DD}.Debug|Win32.Build.0 = Debug|x64
		{B2B9FEB0-7688-4201-BA02-262117F486DD}.Debug|Win32.Deploy.0 = Debug|x64
		{B2B9FEB0-7688-4201-BA02-262117F486DD}.Debug|x64.ActiveCfg = Debug|x64
		{B2B9FEB0-7688-4201-BA02-262117F486DD}.Debug|x64.Build.0 = Debug|x64
		{B2B9FEB0-7688-4201-BA02-262117F486DD}.Debug|x64.Deploy.0 = Debug|x64
		{B2B9FEB0-7688-4201-BA02-262117F486DD}.Debug|x86.ActiveCfg = Debug|Win32
		{B2B9FEB0-7688-4201-BA02-262117F486DD}.Debug|x86.Build.0 = Debug|Win32
		{B2B9FEB0-7688-4201-BA02-262117F486DD}.Debug|x86.Deploy.0 = Debug|Win32
		{B2B9FEB0-7688-4201-BA02-262117F486DD}.Release|Any CPU.ActiveCfg = Release|Win32
		{B2B9FEB0-7688-4201-BA02-262117F486DD}.Release|Mixed Platforms.ActiveCfg = Release|Win32
		{B2B9FEB0-7688-4201-BA02-262117F486DD}.Release|Mixed Platforms.Build.0 = Release|Win32
		{B2B9FEB0-7688-4201-BA02-262117F486DD}.Release|Mixed Platforms.Deploy.0 = Release|Win32
		{B2B9FEB0-7688-4201-BA02-262117F486DD}.Release|Win32.ActiveCfg = Release|Win32
		{B2B9FEB0-7688-4201-BA02-262117F486DD}.Release|Win32.Build.0 = Release|Win32
		{B2B9FEB0-7688-4201-BA02-262117F486DD}.Release|Win32.Deploy.0 = Release|Win32
		{B2B9FEB0-7688-4201-BA02-262117F486DD}.Release|x64.ActiveCfg = Release|x64
		{B2B9FEB0-7688-4201-BA02-262117F486DD}.Release|x64.Build.0 = Release|x64
		{B2B9FEB0-7688-4201-BA02-262117F486DD}.Release|x64.Deploy.0 = Release|x64
		{B2B9FEB0-7688-4201-BA02-262117F486DD}.Release|x86.ActiveCfg = Release|Win32
		{B2B9FEB0-7688-4201-BA02-262117F486DD}.Release|x86.Build.0 = Release|Win32
		{B2B9FEB0-7688-4201-BA02-262117F486DD}.Release|x86.Deploy.0 = Release|Win32
		{CCED5E09-7509-457D-AEA7-F30D68AB2BF4}.Debug|Any CPU.ActiveCfg = Debug|Win32
		{CCED5E09-7509-457D-AEA7-F30D68AB2BF4}.Debug|Mixed Platforms.ActiveCfg = Debug|Win32
		{CCED5E09-7509-457D-AEA7-F30D68AB2BF4}.Debug|Mixed Platforms.Build.0 = Debug|Win32
		{CCED5E09-7509-457D-AEA7-F30D68AB2BF4}.Debug|Win32.ActiveCfg = Debug|Win32
		{CCED5E09-7509-457D-AEA7-F30D68AB2BF4}.Debug|Win32.Build.0 = Debug|Win32
		{CCED5E09-7509-457D-AEA7-F30D68AB2BF4}.Debug|x64.ActiveCfg = Debug|Win32
		{CCED5E09-7509-457D-AEA7-F30D68AB2BF4}.Debug|x86.ActiveCfg = Debug|Win32
		{CCED5E09-7509-457D-AEA7-F30D68AB2BF4}.Release|Any CPU.ActiveCfg = Release|Win32
		{CCED5E09-7509-457D-AEA7-F30D68AB2BF4}.Release|Mixed Platforms.ActiveCfg = Release|Win32
		{CCED5E09-7509-457D-AEA7-F30D68AB2BF4}.Release|Mixed Platforms.Build.0 = Release|Win32
		{CCED5E09-7509-457D-AEA7-F30D68AB2BF4}.Release|Mixed Platforms.Deploy.0 = Release|Win32
		{CCED5E09-7509-457D-AEA7-F30D68AB2BF4}.Release|Win32.ActiveCfg = Release|Win32
		{CCED5E09-7509-457D-AEA7-F30D68AB2BF4}.Release|Win32.Build.0 = Release|Win32
		{CCED5E09-7509-457D-AEA7-F30D68AB2BF4}.Release|x64.ActiveCfg = Release|x64
		{CCED5E09-7509-457D-AEA7-F30D68AB2BF4}.Release|x64.Build.0 = Release|x64
		{CCED5E09-7509-457D-AEA7-F30D68AB2BF4}.Release|x64.Deploy.0 = Release|x64
		{CCED5E09-7509-457D-AEA7-F30D68AB2BF4}.Release|x86.ActiveCfg = Release|Win32
		{A127D1DC-408E-45EE-934B-BDFAAC47D66B}.Debug|Any CPU.ActiveCfg = Debug|Any CPU
		{A127D1DC-408E-45EE-934B-BDFAAC47D66B}.Debug|Any CPU.Build.0 = Debug|Any CPU
		{A127D1DC-408E-45EE-934B-BDFAAC47D66B}.Debug|Mixed Platforms.ActiveCfg = Debug|Any CPU
		{A127D1DC-408E-45EE-934B-BDFAAC47D66B}.Debug|Mixed Platforms.Build.0 = Debug|Any CPU
		{A127D1DC-408E-45EE-934B-BDFAAC47D66B}.Debug|Win32.ActiveCfg = Debug|Any CPU
		{A127D1DC-408E-45EE-934B-BDFAAC47D66B}.Debug|x64.ActiveCfg = Debug|Any CPU
		{A127D1DC-408E-45EE-934B-BDFAAC47D66B}.Debug|x86.ActiveCfg = Debug|x86
		{A127D1DC-408E-45EE-934B-BDFAAC47D66B}.Release|Any CPU.ActiveCfg = Release|Any CPU
		{A127D1DC-408E-45EE-934B-BDFAAC47D66B}.Release|Any CPU.Build.0 = Release|Any CPU
		{A127D1DC-408E-45EE-934B-BDFAAC47D66B}.Release|Mixed Platforms.ActiveCfg = Release|Any CPU
		{A127D1DC-408E-45EE-934B-BDFAAC47D66B}.Release|Mixed Platforms.Build.0 = Release|Any CPU
		{A127D1DC-408E-45EE-934B-BDFAAC47D66B}.Release|Win32.ActiveCfg = Release|Any CPU
		{A127D1DC-408E-45EE-934B-BDFAAC47D66B}.Release|x64.ActiveCfg = Release|x64
		{A127D1DC-408E-45EE-934B-BDFAAC47D66B}.Release|x86.ActiveCfg = Release|x86
	EndGlobalSection
	GlobalSection(SolutionProperties) = preSolution
		HideSolutionNode = FALSE
	EndGlobalSection
EndGlobal
